// !$*UTF8*$!
{
	archiveVersion = 1;
	classes = {
	};
	objectVersion = 46;
	objects = {

/* Begin PBXBuildFile section */
		923EF97C1DC8687500B22790 /* AppDelegate.swift in Sources */ = {isa = PBXBuildFile; fileRef = 923EF97B1DC8687500B22790 /* AppDelegate.swift */; };
		923EF97E1DC8687500B22790 /* Controller_Cascade.swift in Sources */ = {isa = PBXBuildFile; fileRef = 923EF97D1DC8687500B22790 /* Controller_Cascade.swift */; };
		923EF9811DC8687500B22790 /* Main.storyboard in Resources */ = {isa = PBXBuildFile; fileRef = 923EF97F1DC8687500B22790 /* Main.storyboard */; };
		923EF9831DC8687500B22790 /* Assets.xcassets in Resources */ = {isa = PBXBuildFile; fileRef = 923EF9821DC8687500B22790 /* Assets.xcassets */; };
		923EF9861DC8687500B22790 /* LaunchScreen.storyboard in Resources */ = {isa = PBXBuildFile; fileRef = 923EF9841DC8687500B22790 /* LaunchScreen.storyboard */; };
		923EF9911DC8687500B22790 /* TheBigPictureTests.swift in Sources */ = {isa = PBXBuildFile; fileRef = 923EF9901DC8687500B22790 /* TheBigPictureTests.swift */; };
		92558B3B1DEF09F700FA7CB3 /* Controller_MindMap.swift in Sources */ = {isa = PBXBuildFile; fileRef = 92558B3A1DEF09F700FA7CB3 /* Controller_MindMap.swift */; };
		929223061DE41A39007A4BF4 /* View_CascadeNode.swift in Sources */ = {isa = PBXBuildFile; fileRef = 929223051DE41A39007A4BF4 /* View_CascadeNode.swift */; };
		92ACC91E1DF72E85008F902B /* Controller_Calendar.swift in Sources */ = {isa = PBXBuildFile; fileRef = 92ACC91D1DF72E85008F902B /* Controller_Calendar.swift */; };
		92C8386F1DF814FB00D0765A /* KCFABManager.swift in Sources */ = {isa = PBXBuildFile; fileRef = 92C838681DF814FB00D0765A /* KCFABManager.swift */; };
		92C838701DF814FB00D0765A /* KCFABViewController.swift in Sources */ = {isa = PBXBuildFile; fileRef = 92C838691DF814FB00D0765A /* KCFABViewController.swift */; };
		92C838711DF814FB00D0765A /* KCFABWindow.swift in Sources */ = {isa = PBXBuildFile; fileRef = 92C8386A1DF814FB00D0765A /* KCFABWindow.swift */; };
		92C838721DF814FB00D0765A /* KCFloatingActionButton.swift in Sources */ = {isa = PBXBuildFile; fileRef = 92C8386C1DF814FB00D0765A /* KCFloatingActionButton.swift */; };
		92C838731DF814FB00D0765A /* KCFloatingActionButtonDelegate.swift in Sources */ = {isa = PBXBuildFile; fileRef = 92C8386D1DF814FB00D0765A /* KCFloatingActionButtonDelegate.swift */; };
		92C838741DF814FB00D0765A /* KCFloatingActionButtonItem.swift in Sources */ = {isa = PBXBuildFile; fileRef = 92C8386E1DF814FB00D0765A /* KCFloatingActionButtonItem.swift */; };
		92EA92261DF54389004C92C6 /* View_MindMapNode.swift in Sources */ = {isa = PBXBuildFile; fileRef = 92EA92251DF54389004C92C6 /* View_MindMapNode.swift */; };
		92EA92281DF5DBFB004C92C6 /* View_MainController.swift in Sources */ = {isa = PBXBuildFile; fileRef = 92EA92271DF5DBFB004C92C6 /* View_MainController.swift */; };
		9B8E56EA33938DFB1DA57C1E /* Pods_TheBigPicture.framework in Frameworks */ = {isa = PBXBuildFile; fileRef = 51D30EC4DB3099C5CF488229 /* Pods_TheBigPicture.framework */; };
		F37835261DC86A2600E974CE /* Model_Node.swift in Sources */ = {isa = PBXBuildFile; fileRef = F37835251DC86A2600E974CE /* Model_Node.swift */; };
		F37835281DC86E2200E974CE /* Model_Component.swift in Sources */ = {isa = PBXBuildFile; fileRef = F37835271DC86E2200E974CE /* Model_Component.swift */; };
/* End PBXBuildFile section */

/* Begin PBXContainerItemProxy section */
		923EF98D1DC8687500B22790 /* PBXContainerItemProxy */ = {
			isa = PBXContainerItemProxy;
			containerPortal = 923EF9701DC8687500B22790 /* Project object */;
			proxyType = 1;
			remoteGlobalIDString = 923EF9771DC8687500B22790;
			remoteInfo = TheBigPicture;
		};
/* End PBXContainerItemProxy section */

/* Begin PBXFileReference section */
		51D30EC4DB3099C5CF488229 /* Pods_TheBigPicture.framework */ = {isa = PBXFileReference; explicitFileType = wrapper.framework; includeInIndex = 0; path = Pods_TheBigPicture.framework; sourceTree = BUILT_PRODUCTS_DIR; };
		923EF9781DC8687500B22790 /* TheBigPicture.app */ = {isa = PBXFileReference; explicitFileType = wrapper.application; includeInIndex = 0; path = TheBigPicture.app; sourceTree = BUILT_PRODUCTS_DIR; };
		923EF97B1DC8687500B22790 /* AppDelegate.swift */ = {isa = PBXFileReference; lastKnownFileType = sourcecode.swift; path = AppDelegate.swift; sourceTree = "<group>"; };
		923EF97D1DC8687500B22790 /* Controller_Cascade.swift */ = {isa = PBXFileReference; lastKnownFileType = sourcecode.swift; path = Controller_Cascade.swift; sourceTree = "<group>"; };
		923EF9801DC8687500B22790 /* Base */ = {isa = PBXFileReference; lastKnownFileType = file.storyboard; name = Base; path = Base.lproj/Main.storyboard; sourceTree = "<group>"; };
		923EF9821DC8687500B22790 /* Assets.xcassets */ = {isa = PBXFileReference; lastKnownFileType = folder.assetcatalog; path = Assets.xcassets; sourceTree = "<group>"; };
		923EF9851DC8687500B22790 /* Base */ = {isa = PBXFileReference; lastKnownFileType = file.storyboard; name = Base; path = Base.lproj/LaunchScreen.storyboard; sourceTree = "<group>"; };
		923EF9871DC8687500B22790 /* Info.plist */ = {isa = PBXFileReference; lastKnownFileType = text.plist.xml; path = Info.plist; sourceTree = "<group>"; };
		923EF98C1DC8687500B22790 /* TheBigPictureTests.xctest */ = {isa = PBXFileReference; explicitFileType = wrapper.cfbundle; includeInIndex = 0; path = TheBigPictureTests.xctest; sourceTree = BUILT_PRODUCTS_DIR; };
		923EF9901DC8687500B22790 /* TheBigPictureTests.swift */ = {isa = PBXFileReference; lastKnownFileType = sourcecode.swift; path = TheBigPictureTests.swift; sourceTree = "<group>"; };
		923EF9921DC8687500B22790 /* Info.plist */ = {isa = PBXFileReference; lastKnownFileType = text.plist.xml; path = Info.plist; sourceTree = "<group>"; };
		92558B3A1DEF09F700FA7CB3 /* Controller_MindMap.swift */ = {isa = PBXFileReference; fileEncoding = 4; lastKnownFileType = sourcecode.swift; path = Controller_MindMap.swift; sourceTree = "<group>"; };
		929223051DE41A39007A4BF4 /* View_CascadeNode.swift */ = {isa = PBXFileReference; fileEncoding = 4; lastKnownFileType = sourcecode.swift; path = View_CascadeNode.swift; sourceTree = "<group>"; };
		92ACC91D1DF72E85008F902B /* Controller_Calendar.swift */ = {isa = PBXFileReference; fileEncoding = 4; lastKnownFileType = sourcecode.swift; path = Controller_Calendar.swift; sourceTree = "<group>"; };
		92C838681DF814FB00D0765A /* KCFABManager.swift */ = {isa = PBXFileReference; fileEncoding = 4; lastKnownFileType = sourcecode.swift; name = KCFABManager.swift; path = Pods/KCFloatingActionButton/Sources/KCFABManager.swift; sourceTree = SOURCE_ROOT; };
		92C838691DF814FB00D0765A /* KCFABViewController.swift */ = {isa = PBXFileReference; fileEncoding = 4; lastKnownFileType = sourcecode.swift; name = KCFABViewController.swift; path = Pods/KCFloatingActionButton/Sources/KCFABViewController.swift; sourceTree = SOURCE_ROOT; };
		92C8386A1DF814FB00D0765A /* KCFABWindow.swift */ = {isa = PBXFileReference; fileEncoding = 4; lastKnownFileType = sourcecode.swift; name = KCFABWindow.swift; path = Pods/KCFloatingActionButton/Sources/KCFABWindow.swift; sourceTree = SOURCE_ROOT; };
		92C8386B1DF814FB00D0765A /* KCFloatingActionButton.h */ = {isa = PBXFileReference; fileEncoding = 4; lastKnownFileType = sourcecode.c.h; name = KCFloatingActionButton.h; path = Pods/KCFloatingActionButton/Sources/KCFloatingActionButton.h; sourceTree = SOURCE_ROOT; };
		92C8386C1DF814FB00D0765A /* KCFloatingActionButton.swift */ = {isa = PBXFileReference; fileEncoding = 4; lastKnownFileType = sourcecode.swift; name = KCFloatingActionButton.swift; path = Pods/KCFloatingActionButton/Sources/KCFloatingActionButton.swift; sourceTree = SOURCE_ROOT; };
		92C8386D1DF814FB00D0765A /* KCFloatingActionButtonDelegate.swift */ = {isa = PBXFileReference; fileEncoding = 4; lastKnownFileType = sourcecode.swift; name = KCFloatingActionButtonDelegate.swift; path = Pods/KCFloatingActionButton/Sources/KCFloatingActionButtonDelegate.swift; sourceTree = SOURCE_ROOT; };
		92C8386E1DF814FB00D0765A /* KCFloatingActionButtonItem.swift */ = {isa = PBXFileReference; fileEncoding = 4; lastKnownFileType = sourcecode.swift; name = KCFloatingActionButtonItem.swift; path = Pods/KCFloatingActionButton/Sources/KCFloatingActionButtonItem.swift; sourceTree = SOURCE_ROOT; };
		92EA92251DF54389004C92C6 /* View_MindMapNode.swift */ = {isa = PBXFileReference; fileEncoding = 4; lastKnownFileType = sourcecode.swift; path = View_MindMapNode.swift; sourceTree = "<group>"; };
		92EA92271DF5DBFB004C92C6 /* View_MainController.swift */ = {isa = PBXFileReference; fileEncoding = 4; lastKnownFileType = sourcecode.swift; path = View_MainController.swift; sourceTree = "<group>"; };
		A5E5DF02A3C64C6DAD40B22C /* Pods-TheBigPicture.release.xcconfig */ = {isa = PBXFileReference; includeInIndex = 1; lastKnownFileType = text.xcconfig; name = "Pods-TheBigPicture.release.xcconfig"; path = "Pods/Target Support Files/Pods-TheBigPicture/Pods-TheBigPicture.release.xcconfig"; sourceTree = "<group>"; };
		C655A363C1C37D7614FC8C59 /* Pods-TheBigPicture.debug.xcconfig */ = {isa = PBXFileReference; includeInIndex = 1; lastKnownFileType = text.xcconfig; name = "Pods-TheBigPicture.debug.xcconfig"; path = "Pods/Target Support Files/Pods-TheBigPicture/Pods-TheBigPicture.debug.xcconfig"; sourceTree = "<group>"; };
		F37835251DC86A2600E974CE /* Model_Node.swift */ = {isa = PBXFileReference; fileEncoding = 4; lastKnownFileType = sourcecode.swift; path = Model_Node.swift; sourceTree = "<group>"; };
		F37835271DC86E2200E974CE /* Model_Component.swift */ = {isa = PBXFileReference; fileEncoding = 4; lastKnownFileType = sourcecode.swift; path = Model_Component.swift; sourceTree = "<group>"; };
/* End PBXFileReference section */

/* Begin PBXFrameworksBuildPhase section */
		923EF9751DC8687500B22790 /* Frameworks */ = {
			isa = PBXFrameworksBuildPhase;
			buildActionMask = 2147483647;
			files = (
				9B8E56EA33938DFB1DA57C1E /* Pods_TheBigPicture.framework in Frameworks */,
			);
			runOnlyForDeploymentPostprocessing = 0;
		};
		923EF9891DC8687500B22790 /* Frameworks */ = {
			isa = PBXFrameworksBuildPhase;
			buildActionMask = 2147483647;
			files = (
			);
			runOnlyForDeploymentPostprocessing = 0;
		};
/* End PBXFrameworksBuildPhase section */

/* Begin PBXGroup section */
		01DD48E08C34C19DAC95A8EC /* Frameworks */ = {
			isa = PBXGroup;
			children = (
				51D30EC4DB3099C5CF488229 /* Pods_TheBigPicture.framework */,
			);
			name = Frameworks;
			sourceTree = "<group>";
		};
		923EF96F1DC8687500B22790 = {
			isa = PBXGroup;
			children = (
				923EF97A1DC8687500B22790 /* TheBigPicture */,
				923EF98F1DC8687500B22790 /* TheBigPictureTests */,
				923EF9791DC8687500B22790 /* Products */,
				D5B4A0D68F0CC4BAE573AC8D /* Pods */,
				01DD48E08C34C19DAC95A8EC /* Frameworks */,
			);
			sourceTree = "<group>";
		};
		923EF9791DC8687500B22790 /* Products */ = {
			isa = PBXGroup;
			children = (
				923EF9781DC8687500B22790 /* TheBigPicture.app */,
				923EF98C1DC8687500B22790 /* TheBigPictureTests.xctest */,
			);
			name = Products;
			sourceTree = "<group>";
		};
		923EF97A1DC8687500B22790 /* TheBigPicture */ = {
			isa = PBXGroup;
			children = (
				92C838671DF814E700D0765A /* KCFloatingActionButton */,
				F37835271DC86E2200E974CE /* Model_Component.swift */,
				F37835251DC86A2600E974CE /* Model_Node.swift */,
				923EF97D1DC8687500B22790 /* Controller_Cascade.swift */,
				92558B3A1DEF09F700FA7CB3 /* Controller_MindMap.swift */,
				92ACC91D1DF72E85008F902B /* Controller_Calendar.swift */,
				929223051DE41A39007A4BF4 /* View_CascadeNode.swift */,
				92EA92251DF54389004C92C6 /* View_MindMapNode.swift */,
				92EA92271DF5DBFB004C92C6 /* View_MainController.swift */,
				923EF97B1DC8687500B22790 /* AppDelegate.swift */,
				923EF97F1DC8687500B22790 /* Main.storyboard */,
				923EF9821DC8687500B22790 /* Assets.xcassets */,
				923EF9841DC8687500B22790 /* LaunchScreen.storyboard */,
				923EF9871DC8687500B22790 /* Info.plist */,
			);
			path = TheBigPicture;
			sourceTree = "<group>";
		};
		923EF98F1DC8687500B22790 /* TheBigPictureTests */ = {
			isa = PBXGroup;
			children = (
				923EF9901DC8687500B22790 /* TheBigPictureTests.swift */,
				923EF9921DC8687500B22790 /* Info.plist */,
			);
			path = TheBigPictureTests;
			sourceTree = "<group>";
		};
		92C838671DF814E700D0765A /* KCFloatingActionButton */ = {
			isa = PBXGroup;
			children = (
				92C838681DF814FB00D0765A /* KCFABManager.swift */,
				92C838691DF814FB00D0765A /* KCFABViewController.swift */,
				92C8386A1DF814FB00D0765A /* KCFABWindow.swift */,
				92C8386B1DF814FB00D0765A /* KCFloatingActionButton.h */,
				92C8386C1DF814FB00D0765A /* KCFloatingActionButton.swift */,
				92C8386D1DF814FB00D0765A /* KCFloatingActionButtonDelegate.swift */,
				92C8386E1DF814FB00D0765A /* KCFloatingActionButtonItem.swift */,
			);
			name = KCFloatingActionButton;
			sourceTree = "<group>";
		};
		D5B4A0D68F0CC4BAE573AC8D /* Pods */ = {
			isa = PBXGroup;
			children = (
				C655A363C1C37D7614FC8C59 /* Pods-TheBigPicture.debug.xcconfig */,
				A5E5DF02A3C64C6DAD40B22C /* Pods-TheBigPicture.release.xcconfig */,
			);
			name = Pods;
			sourceTree = "<group>";
		};
/* End PBXGroup section */

/* Begin PBXNativeTarget section */
		923EF9771DC8687500B22790 /* TheBigPicture */ = {
			isa = PBXNativeTarget;
			buildConfigurationList = 923EF9951DC8687500B22790 /* Build configuration list for PBXNativeTarget "TheBigPicture" */;
			buildPhases = (
				C2515E81AB72448817B789D4 /* [CP] Check Pods Manifest.lock */,
				923EF9741DC8687500B22790 /* Sources */,
				923EF9751DC8687500B22790 /* Frameworks */,
				923EF9761DC8687500B22790 /* Resources */,
				7AF814443DB55023A1160D39 /* [CP] Embed Pods Frameworks */,
				2A8CC9C8EBD9111722FD0757 /* [CP] Copy Pods Resources */,
			);
			buildRules = (
			);
			dependencies = (
			);
			name = TheBigPicture;
			productName = TheBigPicture;
			productReference = 923EF9781DC8687500B22790 /* TheBigPicture.app */;
			productType = "com.apple.product-type.application";
		};
		923EF98B1DC8687500B22790 /* TheBigPictureTests */ = {
			isa = PBXNativeTarget;
			buildConfigurationList = 923EF9981DC8687500B22790 /* Build configuration list for PBXNativeTarget "TheBigPictureTests" */;
			buildPhases = (
				923EF9881DC8687500B22790 /* Sources */,
				923EF9891DC8687500B22790 /* Frameworks */,
				923EF98A1DC8687500B22790 /* Resources */,
			);
			buildRules = (
			);
			dependencies = (
				923EF98E1DC8687500B22790 /* PBXTargetDependency */,
			);
			name = TheBigPictureTests;
			productName = TheBigPictureTests;
			productReference = 923EF98C1DC8687500B22790 /* TheBigPictureTests.xctest */;
			productType = "com.apple.product-type.bundle.unit-test";
		};
/* End PBXNativeTarget section */

/* Begin PBXProject section */
		923EF9701DC8687500B22790 /* Project object */ = {
			isa = PBXProject;
			attributes = {
				LastSwiftUpdateCheck = 0800;
				LastUpgradeCheck = 0800;
				ORGANIZATIONNAME = RadioactiveTEA;
				TargetAttributes = {
					923EF9771DC8687500B22790 = {
						CreatedOnToolsVersion = 8.0;
						DevelopmentTeam = 229SX69TP6;
						ProvisioningStyle = Automatic;
					};
					923EF98B1DC8687500B22790 = {
						CreatedOnToolsVersion = 8.0;
						ProvisioningStyle = Automatic;
						TestTargetID = 923EF9771DC8687500B22790;
					};
				};
			};
			buildConfigurationList = 923EF9731DC8687500B22790 /* Build configuration list for PBXProject "TheBigPicture" */;
			compatibilityVersion = "Xcode 3.2";
			developmentRegion = English;
			hasScannedForEncodings = 0;
			knownRegions = (
				en,
				Base,
			);
			mainGroup = 923EF96F1DC8687500B22790;
			productRefGroup = 923EF9791DC8687500B22790 /* Products */;
			projectDirPath = "";
			projectRoot = "";
			targets = (
				923EF9771DC8687500B22790 /* TheBigPicture */,
				923EF98B1DC8687500B22790 /* TheBigPictureTests */,
			);
		};
/* End PBXProject section */

/* Begin PBXResourcesBuildPhase section */
		923EF9761DC8687500B22790 /* Resources */ = {
			isa = PBXResourcesBuildPhase;
			buildActionMask = 2147483647;
			files = (
				923EF9861DC8687500B22790 /* LaunchScreen.storyboard in Resources */,
				923EF9831DC8687500B22790 /* Assets.xcassets in Resources */,
				923EF9811DC8687500B22790 /* Main.storyboard in Resources */,
			);
			runOnlyForDeploymentPostprocessing = 0;
		};
		923EF98A1DC8687500B22790 /* Resources */ = {
			isa = PBXResourcesBuildPhase;
			buildActionMask = 2147483647;
			files = (
			);
			runOnlyForDeploymentPostprocessing = 0;
		};
/* End PBXResourcesBuildPhase section */

/* Begin PBXShellScriptBuildPhase section */
		2A8CC9C8EBD9111722FD0757 /* [CP] Copy Pods Resources */ = {
			isa = PBXShellScriptBuildPhase;
			buildActionMask = 2147483647;
			files = (
			);
			inputPaths = (
			);
			name = "[CP] Copy Pods Resources";
			outputPaths = (
			);
			runOnlyForDeploymentPostprocessing = 0;
			shellPath = /bin/sh;
			shellScript = "\"${SRCROOT}/Pods/Target Support Files/Pods-TheBigPicture/Pods-TheBigPicture-resources.sh\"\n";
			showEnvVarsInLog = 0;
		};
		7AF814443DB55023A1160D39 /* [CP] Embed Pods Frameworks */ = {
			isa = PBXShellScriptBuildPhase;
			buildActionMask = 2147483647;
			files = (
			);
			inputPaths = (
			);
			name = "[CP] Embed Pods Frameworks";
			outputPaths = (
			);
			runOnlyForDeploymentPostprocessing = 0;
			shellPath = /bin/sh;
			shellScript = "\"${SRCROOT}/Pods/Target Support Files/Pods-TheBigPicture/Pods-TheBigPicture-frameworks.sh\"\n";
			showEnvVarsInLog = 0;
		};
		C2515E81AB72448817B789D4 /* [CP] Check Pods Manifest.lock */ = {
			isa = PBXShellScriptBuildPhase;
			buildActionMask = 2147483647;
			files = (
			);
			inputPaths = (
			);
			name = "[CP] Check Pods Manifest.lock";
			outputPaths = (
			);
			runOnlyForDeploymentPostprocessing = 0;
			shellPath = /bin/sh;
			shellScript = "diff \"${PODS_ROOT}/../Podfile.lock\" \"${PODS_ROOT}/Manifest.lock\" > /dev/null\nif [ $? != 0 ] ; then\n    # print error to STDERR\n    echo \"error: The sandbox is not in sync with the Podfile.lock. Run 'pod install' or update your CocoaPods installation.\" >&2\n    exit 1\nfi\n";
			showEnvVarsInLog = 0;
		};
/* End PBXShellScriptBuildPhase section */

/* Begin PBXSourcesBuildPhase section */
		923EF9741DC8687500B22790 /* Sources */ = {
			isa = PBXSourcesBuildPhase;
			buildActionMask = 2147483647;
			files = (
				F37835261DC86A2600E974CE /* Model_Node.swift in Sources */,
				92C838741DF814FB00D0765A /* KCFloatingActionButtonItem.swift in Sources */,
				92C8386F1DF814FB00D0765A /* KCFABManager.swift in Sources */,
				92558B3B1DEF09F700FA7CB3 /* Controller_MindMap.swift in Sources */,
				92C838721DF814FB00D0765A /* KCFloatingActionButton.swift in Sources */,
				92C838711DF814FB00D0765A /* KCFABWindow.swift in Sources */,
				923EF97E1DC8687500B22790 /* Controller_Cascade.swift in Sources */,
				923EF97C1DC8687500B22790 /* AppDelegate.swift in Sources */,
				92C838701DF814FB00D0765A /* KCFABViewController.swift in Sources */,
				F37835281DC86E2200E974CE /* Model_Component.swift in Sources */,
				92EA92261DF54389004C92C6 /* View_MindMapNode.swift in Sources */,
				929223061DE41A39007A4BF4 /* View_CascadeNode.swift in Sources */,
				92EA92281DF5DBFB004C92C6 /* View_MainController.swift in Sources */,
				92C838731DF814FB00D0765A /* KCFloatingActionButtonDelegate.swift in Sources */,
				92ACC91E1DF72E85008F902B /* Controller_Calendar.swift in Sources */,
			);
			runOnlyForDeploymentPostprocessing = 0;
		};
		923EF9881DC8687500B22790 /* Sources */ = {
			isa = PBXSourcesBuildPhase;
			buildActionMask = 2147483647;
			files = (
				923EF9911DC8687500B22790 /* TheBigPictureTests.swift in Sources */,
			);
			runOnlyForDeploymentPostprocessing = 0;
		};
/* End PBXSourcesBuildPhase section */

/* Begin PBXTargetDependency section */
		923EF98E1DC8687500B22790 /* PBXTargetDependency */ = {
			isa = PBXTargetDependency;
			target = 923EF9771DC8687500B22790 /* TheBigPicture */;
			targetProxy = 923EF98D1DC8687500B22790 /* PBXContainerItemProxy */;
		};
/* End PBXTargetDependency section */

/* Begin PBXVariantGroup section */
		923EF97F1DC8687500B22790 /* Main.storyboard */ = {
			isa = PBXVariantGroup;
			children = (
				923EF9801DC8687500B22790 /* Base */,
			);
			name = Main.storyboard;
			sourceTree = "<group>";
		};
		923EF9841DC8687500B22790 /* LaunchScreen.storyboard */ = {
			isa = PBXVariantGroup;
			children = (
				923EF9851DC8687500B22790 /* Base */,
			);
			name = LaunchScreen.storyboard;
			sourceTree = "<group>";
		};
/* End PBXVariantGroup section */

/* Begin XCBuildConfiguration section */
		923EF9931DC8687500B22790 /* Debug */ = {
			isa = XCBuildConfiguration;
			buildSettings = {
				ALWAYS_SEARCH_USER_PATHS = NO;
				CLANG_ANALYZER_NONNULL = YES;
				CLANG_CXX_LANGUAGE_STANDARD = "gnu++0x";
				CLANG_CXX_LIBRARY = "libc++";
				CLANG_ENABLE_MODULES = YES;
				CLANG_ENABLE_OBJC_ARC = YES;
				CLANG_WARN_BOOL_CONVERSION = YES;
				CLANG_WARN_CONSTANT_CONVERSION = YES;
				CLANG_WARN_DIRECT_OBJC_ISA_USAGE = YES_ERROR;
				CLANG_WARN_DOCUMENTATION_COMMENTS = YES;
				CLANG_WARN_EMPTY_BODY = YES;
				CLANG_WARN_ENUM_CONVERSION = YES;
				CLANG_WARN_INFINITE_RECURSION = YES;
				CLANG_WARN_INT_CONVERSION = YES;
				CLANG_WARN_OBJC_ROOT_CLASS = YES_ERROR;
				CLANG_WARN_SUSPICIOUS_MOVES = YES;
				CLANG_WARN_UNREACHABLE_CODE = YES;
				CLANG_WARN__DUPLICATE_METHOD_MATCH = YES;
				"CODE_SIGN_IDENTITY[sdk=iphoneos*]" = "iPhone Developer";
				COPY_PHASE_STRIP = NO;
				DEBUG_INFORMATION_FORMAT = dwarf;
				ENABLE_STRICT_OBJC_MSGSEND = YES;
				ENABLE_TESTABILITY = YES;
				GCC_C_LANGUAGE_STANDARD = gnu99;
				GCC_DYNAMIC_NO_PIC = NO;
				GCC_NO_COMMON_BLOCKS = YES;
				GCC_OPTIMIZATION_LEVEL = 0;
				GCC_PREPROCESSOR_DEFINITIONS = (
					"DEBUG=1",
					"$(inherited)",
				);
				GCC_WARN_64_TO_32_BIT_CONVERSION = YES;
				GCC_WARN_ABOUT_RETURN_TYPE = YES_ERROR;
				GCC_WARN_UNDECLARED_SELECTOR = YES;
				GCC_WARN_UNINITIALIZED_AUTOS = YES_AGGRESSIVE;
				GCC_WARN_UNUSED_FUNCTION = YES;
				GCC_WARN_UNUSED_VARIABLE = YES;
				IPHONEOS_DEPLOYMENT_TARGET = 10.0;
				MTL_ENABLE_DEBUG_INFO = YES;
				ONLY_ACTIVE_ARCH = YES;
				SDKROOT = iphoneos;
				SWIFT_ACTIVE_COMPILATION_CONDITIONS = DEBUG;
				SWIFT_OPTIMIZATION_LEVEL = "-Onone";
				TARGETED_DEVICE_FAMILY = "1,2";
			};
			name = Debug;
		};
		923EF9941DC8687500B22790 /* Release */ = {
			isa = XCBuildConfiguration;
			buildSettings = {
				ALWAYS_SEARCH_USER_PATHS = NO;
				CLANG_ANALYZER_NONNULL = YES;
				CLANG_CXX_LANGUAGE_STANDARD = "gnu++0x";
				CLANG_CXX_LIBRARY = "libc++";
				CLANG_ENABLE_MODULES = YES;
				CLANG_ENABLE_OBJC_ARC = YES;
				CLANG_WARN_BOOL_CONVERSION = YES;
				CLANG_WARN_CONSTANT_CONVERSION = YES;
				CLANG_WARN_DIRECT_OBJC_ISA_USAGE = YES_ERROR;
				CLANG_WARN_DOCUMENTATION_COMMENTS = YES;
				CLANG_WARN_EMPTY_BODY = YES;
				CLANG_WARN_ENUM_CONVERSION = YES;
				CLANG_WARN_INFINITE_RECURSION = YES;
				CLANG_WARN_INT_CONVERSION = YES;
				CLANG_WARN_OBJC_ROOT_CLASS = YES_ERROR;
				CLANG_WARN_SUSPICIOUS_MOVES = YES;
				CLANG_WARN_UNREACHABLE_CODE = YES;
				CLANG_WARN__DUPLICATE_METHOD_MATCH = YES;
				"CODE_SIGN_IDENTITY[sdk=iphoneos*]" = "iPhone Developer";
				COPY_PHASE_STRIP = NO;
				DEBUG_INFORMATION_FORMAT = "dwarf-with-dsym";
				ENABLE_NS_ASSERTIONS = NO;
				ENABLE_STRICT_OBJC_MSGSEND = YES;
				GCC_C_LANGUAGE_STANDARD = gnu99;
				GCC_NO_COMMON_BLOCKS = YES;
				GCC_WARN_64_TO_32_BIT_CONVERSION = YES;
				GCC_WARN_ABOUT_RETURN_TYPE = YES_ERROR;
				GCC_WARN_UNDECLARED_SELECTOR = YES;
				GCC_WARN_UNINITIALIZED_AUTOS = YES_AGGRESSIVE;
				GCC_WARN_UNUSED_FUNCTION = YES;
				GCC_WARN_UNUSED_VARIABLE = YES;
				IPHONEOS_DEPLOYMENT_TARGET = 10.0;
				MTL_ENABLE_DEBUG_INFO = NO;
				SDKROOT = iphoneos;
				SWIFT_OPTIMIZATION_LEVEL = "-Owholemodule";
				TARGETED_DEVICE_FAMILY = "1,2";
				VALIDATE_PRODUCT = YES;
			};
			name = Release;
		};
		923EF9961DC8687500B22790 /* Debug */ = {
			isa = XCBuildConfiguration;
			baseConfigurationReference = C655A363C1C37D7614FC8C59 /* Pods-TheBigPicture.debug.xcconfig */;
			buildSettings = {
				ASSETCATALOG_COMPILER_APPICON_NAME = AppIcon;
				"CODE_SIGN_IDENTITY[sdk=iphoneos*]" = "iPhone Developer";
				DEVELOPMENT_TEAM = 229SX69TP6;
				INFOPLIST_FILE = TheBigPicture/Info.plist;
				IPHONEOS_DEPLOYMENT_TARGET = 9.3;
				LD_RUNPATH_SEARCH_PATHS = "$(inherited) @executable_path/Frameworks";
				PRODUCT_BUNDLE_IDENTIFIER = com.TheBigPicture;
				PRODUCT_NAME = "$(TARGET_NAME)";
				SWIFT_VERSION = 3.0;
			};
			name = Debug;
		};
		923EF9971DC8687500B22790 /* Release */ = {
			isa = XCBuildConfiguration;
			baseConfigurationReference = A5E5DF02A3C64C6DAD40B22C /* Pods-TheBigPicture.release.xcconfig */;
			buildSettings = {
				ASSETCATALOG_COMPILER_APPICON_NAME = AppIcon;
				"CODE_SIGN_IDENTITY[sdk=iphoneos*]" = "iPhone Developer";
				DEVELOPMENT_TEAM = 229SX69TP6;
				INFOPLIST_FILE = TheBigPicture/Info.plist;
				IPHONEOS_DEPLOYMENT_TARGET = 9.3;
				LD_RUNPATH_SEARCH_PATHS = "$(inherited) @executable_path/Frameworks";
				PRODUCT_BUNDLE_IDENTIFIER = com.TheBigPicture;
				PRODUCT_NAME = "$(TARGET_NAME)";
				SWIFT_VERSION = 3.0;
			};
			name = Release;
		};
		923EF9991DC8687500B22790 /* Debug */ = {
			isa = XCBuildConfiguration;
			buildSettings = {
				ALWAYS_EMBED_SWIFT_STANDARD_LIBRARIES = YES;
				BUNDLE_LOADER = "$(TEST_HOST)";
				INFOPLIST_FILE = TheBigPictureTests/Info.plist;
				IPHONEOS_DEPLOYMENT_TARGET = 9.3;
				LD_RUNPATH_SEARCH_PATHS = "$(inherited) @executable_path/Frameworks @loader_path/Frameworks";
				PRODUCT_BUNDLE_IDENTIFIER = com.TheBigPictureTests;
				PRODUCT_NAME = "$(TARGET_NAME)";
				SWIFT_VERSION = 3.0;
				TEST_HOST = "$(BUILT_PRODUCTS_DIR)/TheBigPicture.app/TheBigPicture";
			};
			name = Debug;
		};
		923EF99A1DC8687500B22790 /* Release */ = {
			isa = XCBuildConfiguration;
			buildSettings = {
				ALWAYS_EMBED_SWIFT_STANDARD_LIBRARIES = YES;
				BUNDLE_LOADER = "$(TEST_HOST)";
				INFOPLIST_FILE = TheBigPictureTests/Info.plist;
				IPHONEOS_DEPLOYMENT_TARGET = 9.3;
				LD_RUNPATH_SEARCH_PATHS = "$(inherited) @executable_path/Frameworks @loader_path/Frameworks";
				PRODUCT_BUNDLE_IDENTIFIER = com.TheBigPictureTests;
				PRODUCT_NAME = "$(TARGET_NAME)";
				SWIFT_VERSION = 3.0;
				TEST_HOST = "$(BUILT_PRODUCTS_DIR)/TheBigPicture.app/TheBigPicture";
			};
			name = Release;
		};
/* End XCBuildConfiguration section */

/* Begin XCConfigurationList section */
		923EF9731DC8687500B22790 /* Build configuration list for PBXProject "TheBigPicture" */ = {
			isa = XCConfigurationList;
			buildConfigurations = (
				923EF9931DC8687500B22790 /* Debug */,
				923EF9941DC8687500B22790 /* Release */,
			);
			defaultConfigurationIsVisible = 0;
			defaultConfigurationName = Release;
		};
		923EF9951DC8687500B22790 /* Build configuration list for PBXNativeTarget "TheBigPicture" */ = {
			isa = XCConfigurationList;
			buildConfigurations = (
				923EF9961DC8687500B22790 /* Debug */,
				923EF9971DC8687500B22790 /* Release */,
			);
			defaultConfigurationIsVisible = 0;
			defaultConfigurationName = Release;
		};
		923EF9981DC8687500B22790 /* Build configuration list for PBXNativeTarget "TheBigPictureTests" */ = {
			isa = XCConfigurationList;
			buildConfigurations = (
				923EF9991DC8687500B22790 /* Debug */,
				923EF99A1DC8687500B22790 /* Release */,
			);
			defaultConfigurationIsVisible = 0;
			defaultConfigurationName = Release;
		};
/* End XCConfigurationList section */
	};
	rootObject = 923EF9701DC8687500B22790 /* Project object */;
}
